
Microsoft Visual Studio Solution File, Format Version 12.00
# Visual Studio Version 17
VisualStudioVersion = 17.5.33424.131
MinimumVisualStudioVersion = 10.0.40219.1
Project("{8BC9CEB8-8B4A-11D0-8D11-00A0C91BC942}") = "mbrStatic", "mbrStatic\mbrStatic.vcxproj", "{A31D5475-D220-4866-AE25-BB429F4E945E}"
EndProject
Project("{8BC9CEB8-8B4A-11D0-8D11-00A0C91BC942}") = "mbrStaticfunc", "mbrStaticfunc\mbrStaticfunc.vcxproj", "{2ED4BA45-9998-4784-99E7-A6CF7290B82C}"
EndProject
Project("{8BC9CEB8-8B4A-11D0-8D11-00A0C91BC942}") = "Constructor", "Constructor\Constructor.vcxproj", "{8025B4FD-A0AD-4987-AD38-2D1A368F07B9}"
EndProject
Global
	GlobalSection(SolutionConfigurationPlatforms) = preSolution
		Debug|x64 = Debug|x64
		Debug|x86 = Debug|x86
		Release|x64 = Release|x64
		Release|x86 = Release|x86
	EndGlobalSection
	GlobalSection(ProjectConfigurationPlatforms) = postSolution
		{A31D5475-D220-4866-AE25-BB429F4E945E}.Debug|x64.ActiveCfg = Debug|x64
		{A31D5475-D220-4866-AE25-BB429F4E945E}.Debug|x64.Build.0 = Debug|x64
		{A31D5475-D220-4866-AE25-BB429F4E945E}.Debug|x86.ActiveCfg = Debug|Win32
		{A31D5475-D220-4866-AE25-BB429F4E945E}.Debug|x86.Build.0 = Debug|Win32
		{A31D5475-D220-4866-AE25-BB429F4E945E}.Release|x64.ActiveCfg = Release|x64
		{A31D5475-D220-4866-AE25-BB429F4E945E}.Release|x64.Build.0 = Release|x64
		{A31D5475-D220-4866-AE25-BB429F4E945E}.Release|x86.ActiveCfg = Release|Win32
		{A31D5475-D220-4866-AE25-BB429F4E945E}.Release|x86.Build.0 = Release|Win32
		{2ED4BA45-9998-4784-99E7-A6CF7290B82C}.Debug|x64.ActiveCfg = Debug|x64
		{2ED4BA45-9998-4784-99E7-A6CF7290B82C}.Debug|x64.Build.0 = Debug|x64
		{2ED4BA45-9998-4784-99E7-A6CF7290B82C}.Debug|x86.ActiveCfg = Debug|Win32
		{2ED4BA45-9998-4784-99E7-A6CF7290B82C}.Debug|x86.Build.0 = Debug|Win32
		{2ED4BA45-9998-4784-99E7-A6CF7290B82C}.Release|x64.ActiveCfg = Release|x64
		{2ED4BA45-9998-4784-99E7-A6CF7290B82C}.Release|x64.Build.0 = Release|x64
		{2ED4BA45-9998-4784-99E7-A6CF7290B82C}.Release|x86.ActiveCfg = Release|Win32
		{2ED4BA45-9998-4784-99E7-A6CF7290B82C}.Release|x86.Build.0 = Release|Win32
		{8025B4FD-A0AD-4987-AD38-2D1A368F07B9}.Debug|x64.ActiveCfg = Debug|x64
		{8025B4FD-A0AD-4987-AD38-2D1A368F07B9}.Debug|x64.Build.0 = Debug|x64
		{8025B4FD-A0AD-4987-AD38-2D1A368F07B9}.Debug|x86.ActiveCfg = Debug|Win32
		{8025B4FD-A0AD-4987-AD38-2D1A368F07B9}.Debug|x86.Build.0 = Debug|Win32
		{8025B4FD-A0AD-4987-AD38-2D1A368F07B9}.Release|x64.ActiveCfg = Release|x64
		{8025B4FD-A0AD-4987-AD38-2D1A368F07B9}.Release|x64.Build.0 = Release|x64
		{8025B4FD-A0AD-4987-AD38-2D1A368F07B9}.Release|x86.ActiveCfg = Release|Win32
		{8025B4FD-A0AD-4987-AD38-2D1A368F07B9}.Release|x86.Build.0 = Release|Win32
	EndGlobalSection
	GlobalSection(SolutionProperties) = preSolution
		HideSolutionNode = FALSE
	EndGlobalSection
	GlobalSection(ExtensibilityGlobals) = postSolution
		SolutionGuid = {32DC9FD0-D5C3-45F2-9005-DB2719A9924C}
	EndGlobalSection
EndGlobal
